// !$*UTF8*$!
{
	archiveVersion = 1;
	classes = {
	};
	objectVersion = 46;
	objects = {

/* Begin PBXBuildFile section */
		4681EA8C1637691A002343D0 /* main.cpp in Sources */ = {isa = PBXBuildFile; fileRef = 4681EA8B1637691A002343D0 /* main.cpp */; };
		4681EA8E1637691A002343D0 /* LCD_706.1 in CopyFiles */ = {isa = PBXBuildFile; fileRef = 4681EA8D1637691A002343D0 /* LCD_706.1 */; };
/* End PBXBuildFile section */

/* Begin PBXCopyFilesBuildPhase section */
		4681EA8516376919002343D0 /* CopyFiles */ = {
			isa = PBXCopyFilesBuildPhase;
			buildActionMask = 2147483647;
			dstPath = /usr/share/man/man1/;
			dstSubfolderSpec = 0;
			files = (
				4681EA8E1637691A002343D0 /* LCD_706.1 in CopyFiles */,
			);
			runOnlyForDeploymentPostprocessing = 1;
		};
/* End PBXCopyFilesBuildPhase section */

/* Begin PBXFileReference section */
		4681EA871637691A002343D0 /* LCD_706 */ = {isa = PBXFileReference; explicitFileType = "compiled.mach-o.executable"; includeInIndex = 0; path = LCD_706; sourceTree = BUILT_PRODUCTS_DIR; };
		4681EA8B1637691A002343D0 /* main.cpp */ = {isa = PBXFileReference; lastKnownFileType = sourcecode.cpp.cpp; path = main.cpp; sourceTree = "<group>"; };
		4681EA8D1637691A002343D0 /* LCD_706.1 */ = {isa = PBXFileReference; lastKnownFileType = text.man; path = LCD_706.1; sourceTree = "<group>"; };
/* End PBXFileReference section */

/* Begin PBXFrameworksBuildPhase section */
		4681EA8416376919002343D0 /* Frameworks */ = {
			isa = PBXFrameworksBuildPhase;
			buildActionMask = 2147483647;
			files = (
			);
			runOnlyForDeploymentPostprocessing = 0;
		};
/* End PBXFrameworksBuildPhase section */

/* Begin PBXGroup section */
		4681EA7C16376919002343D0 = {
			isa = PBXGroup;
			children = (
				4681EA8A1637691A002343D0 /* LCD_706 */,
				4681EA881637691A002343D0 /* Products */,
			);
			sourceTree = "<group>";
		};
		4681EA881637691A002343D0 /* Products */ = {
			isa = PBXGroup;
			children = (
				4681EA871637691A002343D0 /* LCD_706 */,
			);
			name = Products;
			sourceTree = "<group>";
		};
		4681EA8A1637691A002343D0 /* LCD_706 */ = {
			isa = PBXGroup;
			children = (
				4681EA8B1637691A002343D0 /* main.cpp */,
				4681EA8D1637691A002343D0 /* LCD_706.1 */,
			);
			path = LCD_706;
			sourceTree = "<group>";
		};
/* End PBXGroup section */

/* Begin PBXNativeTarget section */
		4681EA8616376919002343D0 /* LCD_706 */ = {
			isa = PBXNativeTarget;
			buildConfigurationList = 4681EA911637691A002343D0 /* Build configuration list for PBXNativeTarget "LCD_706" */;
			buildPhases = (
				4681EA8316376919002343D0 /* Sources */,
				4681EA8416376919002343D0 /* Frameworks */,
				4681EA8516376919002343D0 /* CopyFiles */,
			);
			buildRules = (
			);
			dependencies = (
			);
			name = LCD_706;
			productName = LCD_706;
			productReference = 4681EA871637691A002343D0 /* LCD_706 */;
			productType = "com.apple.product-type.tool";
		};
/* End PBXNativeTarget section */

/* Begin PBXProject section */
		4681EA7E16376919002343D0 /* Project object */ = {
			isa = PBXProject;
			attributes = {
				LastUpgradeCheck = 0440;
				ORGANIZATIONNAME = "Charles R. Hardnett";
			};
			buildConfigurationList = 4681EA8116376919002343D0 /* Build configuration list for PBXProject "LCD_706" */;
			compatibilityVersion = "Xcode 3.2";
			developmentRegion = English;
			hasScannedForEncodings = 0;
			knownRegions = (
				en,
			);
			mainGroup = 4681EA7C16376919002343D0;
			productRefGroup = 4681EA881637691A002343D0 /* Products */;
			projectDirPath = "";
			projectRoot = "";
			targets = (
				4681EA8616376919002343D0 /* LCD_706 */,
			);
		};
/* End PBXProject section */

/* Begin PBXSourcesBuildPhase section */
		4681EA8316376919002343D0 /* Sources */ = {
			isa = PBXSourcesBuildPhase;
			buildActionMask = 2147483647;
			files = (
				4681EA8C1637691A002343D0 /* main.cpp in Sources */,
			);
			runOnlyForDeploymentPostprocessing = 0;
		};
/* End PBXSourcesBuildPhase section */

/* Begin XCBuildConfiguration section */
		4681EA8F1637691A002343D0 /* Debug */ = {
			isa = XCBuildConfiguration;
			buildSettings = {
				ALWAYS_SEARCH_USER_PATHS = NO;
				ARCHS = "$(ARCHS_STANDARD_64_BIT)";
				CLANG_CXX_LANGUAGE_STANDARD = "gnu++0x";
				CLANG_ENABLE_OBJC_ARC = YES;
				CLANG_WARN__DUPLICATE_METHOD_MATCH = YES;
				COPY_PHASE_STRIP = NO;
				GCC_C_LANGUAGE_STANDARD = gnu99;
				GCC_DYNAMIC_NO_PIC = NO;
				GCC_ENABLE_OBJC_EXCEPTIONS = YES;
				GCC_OPTIMIZATION_LEVEL = 0;
				GCC_PREPROCESSOR_DEFINITIONS = (
					"DEBUG=1",
					"$(inherited)",
				);
				GCC_SYMBOLS_PRIVATE_EXTERN = NO;
				GCC_WARN_64_TO_32_BIT_CONVERSION = YES;
				GCC_WARN_ABOUT_RETURN_TYPE = YES;
				GCC_WARN_UNINITIALIZED_AUTOS = YES;
				GCC_WARN_UNUSED_VARIABLE = YES;
				MACOSX_DEPLOYMENT_TARGET = 10.7;
				ONLY_ACTIVE_ARCH = YES;
				SDKROOT = macosx;
			};
			name = Debug;
		};
		4681EA901637691A002343D0 /* Release */ = {
			isa = XCBuildConfiguration;
			buildSettings = {
				ALWAYS_SEARCH_USER_PATHS = NO;
				ARCHS = "$(ARCHS_STANDARD_64_BIT)";
				CLANG_CXX_LANGUAGE_STANDARD = "gnu++0x";
				CLANG_ENABLE_OBJC_ARC = YES;
				CLANG_WARN__DUPLICATE_METHOD_MATCH = YES;
				COPY_PHASE_STRIP = YES;
				DEBUG_INFORMATION_FORMAT = "dwarf-with-dsym";
				GCC_C_LANGUAGE_STANDARD = gnu99;
				GCC_ENABLE_OBJC_EXCEPTIONS = YES;
				GCC_WARN_64_TO_32_BIT_CONVERSION = YES;
				GCC_WARN_ABOUT_RETURN_TYPE = YES;
				GCC_WARN_UNINITIALIZED_AUTOS = YES;
				GCC_WARN_UNUSED_VARIABLE = YES;
				MACOSX_DEPLOYMENT_TARGET = 10.7;
				SDKROOT = macosx;
			};
			name = Release;
		};
		4681EA921637691A002343D0 /* Debug */ = {
			isa = XCBuildConfiguration;
			buildSettings = {
				PRODUCT_NAME = "$(TARGET_NAME)";
			};
			name = Debug;
		};
		4681EA931637691A002343D0 /* Release */ = {
			isa = XCBuildConfiguration;
			buildSettings = {
				PRODUCT_NAME = "$(TARGET_NAME)";
			};
			name = Release;
		};
/* End XCBuildConfiguration section */

/* Begin XCConfigurationList section */
		4681EA8116376919002343D0 /* Build configuration list for PBXProject "LCD_706" */ = {
			isa = XCConfigurationList;
			buildConfigurations = (
				4681EA8F1637691A002343D0 /* Debug */,
				4681EA901637691A002343D0 /* Release */,
			);
			defaultConfigurationIsVisible = 0;
			defaultConfigurationName = Release;
		};
		4681EA911637691A002343D0 /* Build configuration list for PBXNativeTarget "LCD_706" */ = {
			isa = XCConfigurationList;
			buildConfigurations = (
				4681EA921637691A002343D0 /* Debug */,
				4681EA931637691A002343D0 /* Release */,
			);
			defaultConfigurationIsVisible = 0;
		};
/* End XCConfigurationList section */
	};
	rootObject = 4681EA7E16376919002343D0 /* Project object */;
}
